
Microsoft Visual Studio Solution File, Format Version 12.00
# Visual Studio Version 17
VisualStudioVersion = 17.1.32228.430
MinimumVisualStudioVersion = 10.0.40219.1
Project("{FAE04EC0-301F-11D3-BF4B-00C04F79EFBC}") = "TryCat", "TryCat\TryCat.csproj", "{B42F33A7-E28E-447F-B2F9-4CBF0B767727}"
EndProject
Global
	GlobalSection(SolutionConfigurationPlatforms) = preSolution
		Debug|Any CPU = Debug|Any CPU
		Release|Any CPU = Release|Any CPU
	EndGlobalSection
	GlobalSection(ProjectConfigurationPlatforms) = postSolution
		{B42F33A7-E28E-447F-B2F9-4CBF0B767727}.Debug|Any CPU.ActiveCfg = Debug|Any CPU
		{B42F33A7-E28E-447F-B2F9-4CBF0B767727}.Debug|Any CPU.Build.0 = Debug|Any CPU
		{B42F33A7-E28E-447F-B2F9-4CBF0B767727}.Release|Any CPU.ActiveCfg = Release|Any CPU
		{B42F33A7-E28E-447F-B2F9-4CBF0B767727}.Release|Any CPU.Build.0 = Release|Any CPU
	EndGlobalSection
	GlobalSection(SolutionProperties) = preSolution
		HideSolutionNode = FALSE
	EndGlobalSection
	GlobalSection(ExtensibilityGlobals) = postSolution
		SolutionGuid = {AD975F8E-2BB5-45FF-BDEE-741F833B9D43}
	EndGlobalSection
EndGlobal
